
Microsoft Visual Studio Solution File, Format Version 12.00
# Visual Studio 15
VisualStudioVersion = 15.0.27130.2036
MinimumVisualStudioVersion = 10.0.40219.1
Project("{FAE04EC0-301F-11D3-BF4B-00C04F79EFBC}") = "Server", "Server\Server.csproj", "{220060DD-2738-4294-A3FD-D121DF0E044F}"
EndProject
Project("{FAE04EC0-301F-11D3-BF4B-00C04F79EFBC}") = "Client", "Client\Client.csproj", "{32AE8FA1-FD7D-4ABF-B983-3E5DC4374B36}"
EndProject
Global
	GlobalSection(SolutionConfigurationPlatforms) = preSolution
		Debug|Any CPU = Debug|Any CPU
		Release|Any CPU = Release|Any CPU
	EndGlobalSection
	GlobalSection(ProjectConfigurationPlatforms) = postSolution
		{220060DD-2738-4294-A3FD-D121DF0E044F}.Debug|Any CPU.ActiveCfg = Debug|Any CPU
		{220060DD-2738-4294-A3FD-D121DF0E044F}.Debug|Any CPU.Build.0 = Debug|Any CPU
		{220060DD-2738-4294-A3FD-D121DF0E044F}.Release|Any CPU.ActiveCfg = Release|Any CPU
		{220060DD-2738-4294-A3FD-D121DF0E044F}.Release|Any CPU.Build.0 = Release|Any CPU
		{32AE8FA1-FD7D-4ABF-B983-3E5DC4374B36}.Debug|Any CPU.ActiveCfg = Debug|Any CPU
		{32AE8FA1-FD7D-4ABF-B983-3E5DC4374B36}.Debug|Any CPU.Build.0 = Debug|Any CPU
		{32AE8FA1-FD7D-4ABF-B983-3E5DC4374B36}.Release|Any CPU.ActiveCfg = Release|Any CPU
		{32AE8FA1-FD7D-4ABF-B983-3E5DC4374B36}.Release|Any CPU.Build.0 = Release|Any CPU
	EndGlobalSection
	GlobalSection(SolutionProperties) = preSolution
		HideSolutionNode = FALSE
	EndGlobalSection
	GlobalSection(ExtensibilityGlobals) = postSolution
		SolutionGuid = {CAB252F7-6863-4BE3-A4AC-2519F0599FAB}
	EndGlobalSection
EndGlobal
